
Microsoft Visual Studio Solution File, Format Version 12.00
# Visual Studio 15
VisualStudioVersion = 15.0.28307.572
MinimumVisualStudioVersion = 10.0.40219.1
Project("{FAE04EC0-301F-11D3-BF4B-00C04F79EFBC}") = "TodoV1", "TodoV1\TodoV1.csproj", "{563BC342-491D-4806-ACE0-5539881FBD5D}"
EndProject
Global
	GlobalSection(SolutionConfigurationPlatforms) = preSolution
		Debug|Any CPU = Debug|Any CPU
		Release|Any CPU = Release|Any CPU
	EndGlobalSection
	GlobalSection(ProjectConfigurationPlatforms) = postSolution
		{563BC342-491D-4806-ACE0-5539881FBD5D}.Debug|Any CPU.ActiveCfg = Debug|Any CPU
		{563BC342-491D-4806-ACE0-5539881FBD5D}.Debug|Any CPU.Build.0 = Debug|Any CPU
		{563BC342-491D-4806-ACE0-5539881FBD5D}.Release|Any CPU.ActiveCfg = Release|Any CPU
		{563BC342-491D-4806-ACE0-5539881FBD5D}.Release|Any CPU.Build.0 = Release|Any CPU
	EndGlobalSection
	GlobalSection(SolutionProperties) = preSolution
		HideSolutionNode = FALSE
	EndGlobalSection
	GlobalSection(ExtensibilityGlobals) = postSolution
		SolutionGuid = {CB442799-9C98-47CD-9280-5170A10665BF}
	EndGlobalSection
EndGlobal
